// !$*UTF8*$!
{
	archiveVersion = 1;
	classes = {
	};
	objectVersion = 46;
	objects = {

/* Begin PBXBuildFile section */
		AEFE9BCE1EC08F2800DBEA89 /* AppDelegate.swift in Sources */ = {isa = PBXBuildFile; fileRef = AEFE9BCD1EC08F2800DBEA89 /* AppDelegate.swift */; };
		AEFE9BD01EC08F2800DBEA89 /* ViewController.swift in Sources */ = {isa = PBXBuildFile; fileRef = AEFE9BCF1EC08F2800DBEA89 /* ViewController.swift */; };
		AEFE9BD31EC08F2800DBEA89 /* Main.storyboard in Resources */ = {isa = PBXBuildFile; fileRef = AEFE9BD11EC08F2800DBEA89 /* Main.storyboard */; };
		AEFE9BD51EC08F2800DBEA89 /* Assets.xcassets in Resources */ = {isa = PBXBuildFile; fileRef = AEFE9BD41EC08F2800DBEA89 /* Assets.xcassets */; };
		AEFE9BD81EC08F2800DBEA89 /* LaunchScreen.storyboard in Resources */ = {isa = PBXBuildFile; fileRef = AEFE9BD61EC08F2800DBEA89 /* LaunchScreen.storyboard */; };
/* End PBXBuildFile section */

/* Begin PBXFileReference section */
		AEFE9BCA1EC08F2800DBEA89 /* ActivityVC.app */ = {isa = PBXFileReference; explicitFileType = wrapper.application; includeInIndex = 0; path = ActivityVC.app; sourceTree = BUILT_PRODUCTS_DIR; };
		AEFE9BCD1EC08F2800DBEA89 /* AppDelegate.swift */ = {isa = PBXFileReference; lastKnownFileType = sourcecode.swift; path = AppDelegate.swift; sourceTree = "<group>"; };
		AEFE9BCF1EC08F2800DBEA89 /* ViewController.swift */ = {isa = PBXFileReference; lastKnownFileType = sourcecode.swift; path = ViewController.swift; sourceTree = "<group>"; };
		AEFE9BD21EC08F2800DBEA89 /* Base */ = {isa = PBXFileReference; lastKnownFileType = file.storyboard; name = Base; path = Base.lproj/Main.storyboard; sourceTree = "<group>"; };
		AEFE9BD41EC08F2800DBEA89 /* Assets.xcassets */ = {isa = PBXFileReference; lastKnownFileType = folder.assetcatalog; path = Assets.xcassets; sourceTree = "<group>"; };
		AEFE9BD71EC08F2800DBEA89 /* Base */ = {isa = PBXFileReference; lastKnownFileType = file.storyboard; name = Base; path = Base.lproj/LaunchScreen.storyboard; sourceTree = "<group>"; };
		AEFE9BD91EC08F2800DBEA89 /* Info.plist */ = {isa = PBXFileReference; lastKnownFileType = text.plist.xml; path = Info.plist; sourceTree = "<group>"; };
/* End PBXFileReference section */

/* Begin PBXFrameworksBuildPhase section */
		AEFE9BC71EC08F2800DBEA89 /* Frameworks */ = {
			isa = PBXFrameworksBuildPhase;
			buildActionMask = 2147483647;
			files = (
			);
			runOnlyForDeploymentPostprocessing = 0;
		};
/* End PBXFrameworksBuildPhase section */

/* Begin PBXGroup section */
		AEFE9BC11EC08F2800DBEA89 = {
			isa = PBXGroup;
			children = (
				AEFE9BCC1EC08F2800DBEA89 /* ActivityVC */,
				AEFE9BCB1EC08F2800DBEA89 /* Products */,
			);
			sourceTree = "<group>";
		};
		AEFE9BCB1EC08F2800DBEA89 /* Products */ = {
			isa = PBXGroup;
			children = (
				AEFE9BCA1EC08F2800DBEA89 /* ActivityVC.app */,
			);
			name = Products;
			sourceTree = "<group>";
		};
		AEFE9BCC1EC08F2800DBEA89 /* ActivityVC */ = {
			isa = PBXGroup;
			children = (
				AEFE9BCD1EC08F2800DBEA89 /* AppDelegate.swift */,
				AEFE9BCF1EC08F2800DBEA89 /* ViewController.swift */,
				AEFE9BD11EC08F2800DBEA89 /* Main.storyboard */,
				AEFE9BD41EC08F2800DBEA89 /* Assets.xcassets */,
				AEFE9BD61EC08F2800DBEA89 /* LaunchScreen.storyboard */,
				AEFE9BD91EC08F2800DBEA89 /* Info.plist */,
			);
			path = ActivityVC;
			sourceTree = "<group>";
		};
/* End PBXGroup section */

/* Begin PBXNativeTarget section */
		AEFE9BC91EC08F2800DBEA89 /* ActivityVC */ = {
			isa = PBXNativeTarget;
			buildConfigurationList = AEFE9BDC1EC08F2800DBEA89 /* Build configuration list for PBXNativeTarget "ActivityVC" */;
			buildPhases = (
				AEFE9BC61EC08F2800DBEA89 /* Sources */,
				AEFE9BC71EC08F2800DBEA89 /* Frameworks */,
				AEFE9BC81EC08F2800DBEA89 /* Resources */,
			);
			buildRules = (
			);
			dependencies = (
			);
			name = ActivityVC;
			productName = ActivityVC;
			productReference = AEFE9BCA1EC08F2800DBEA89 /* ActivityVC.app */;
			productType = "com.apple.product-type.application";
		};
/* End PBXNativeTarget section */

/* Begin PBXProject section */
		AEFE9BC21EC08F2800DBEA89 /* Project object */ = {
			isa = PBXProject;
			attributes = {
				LastSwiftUpdateCheck = 0820;
				LastUpgradeCheck = 0820;
				ORGANIZATIONNAME = wtfcompany;
				TargetAttributes = {
					AEFE9BC91EC08F2800DBEA89 = {
						CreatedOnToolsVersion = 8.2.1;
						ProvisioningStyle = Automatic;
					};
				};
			};
			buildConfigurationList = AEFE9BC51EC08F2800DBEA89 /* Build configuration list for PBXProject "ActivityVC" */;
			compatibilityVersion = "Xcode 3.2";
			developmentRegion = English;
			hasScannedForEncodings = 0;
			knownRegions = (
				en,
				Base,
			);
			mainGroup = AEFE9BC11EC08F2800DBEA89;
			productRefGroup = AEFE9BCB1EC08F2800DBEA89 /* Products */;
			projectDirPath = "";
			projectRoot = "";
			targets = (
				AEFE9BC91EC08F2800DBEA89 /* ActivityVC */,
			);
		};
/* End PBXProject section */

/* Begin PBXResourcesBuildPhase section */
		AEFE9BC81EC08F2800DBEA89 /* Resources */ = {
			isa = PBXResourcesBuildPhase;
			buildActionMask = 2147483647;
			files = (
				AEFE9BD81EC08F2800DBEA89 /* LaunchScreen.storyboard in Resources */,
				AEFE9BD51EC08F2800DBEA89 /* Assets.xcassets in Resources */,
				AEFE9BD31EC08F2800DBEA89 /* Main.storyboard in Resources */,
			);
			runOnlyForDeploymentPostprocessing = 0;
		};
/* End PBXResourcesBuildPhase section */

/* Begin PBXSourcesBuildPhase section */
		AEFE9BC61EC08F2800DBEA89 /* Sources */ = {
			isa = PBXSourcesBuildPhase;
			buildActionMask = 2147483647;
			files = (
				AEFE9BD01EC08F2800DBEA89 /* ViewController.swift in Sources */,
				AEFE9BCE1EC08F2800DBEA89 /* AppDelegate.swift in Sources */,
			);
			runOnlyForDeploymentPostprocessing = 0;
		};
/* End PBXSourcesBuildPhase section */

/* Begin PBXVariantGroup section */
		AEFE9BD11EC08F2800DBEA89 /* Main.storyboard */ = {
			isa = PBXVariantGroup;
			children = (
				AEFE9BD21EC08F2800DBEA89 /* Base */,
			);
			name = Main.storyboard;
			sourceTree = "<group>";
		};
		AEFE9BD61EC08F2800DBEA89 /* LaunchScreen.storyboard */ = {
			isa = PBXVariantGroup;
			children = (
				AEFE9BD71EC08F2800DBEA89 /* Base */,
			);
			name = LaunchScreen.storyboard;
			sourceTree = "<group>";
		};
/* End PBXVariantGroup section */

/* Begin XCBuildConfiguration section */
		AEFE9BDA1EC08F2800DBEA89 /* Debug */ = {
			isa = XCBuildConfiguration;
			buildSettings = {
				ALWAYS_SEARCH_USER_PATHS = NO;
				CLANG_ANALYZER_NONNULL = YES;
				CLANG_CXX_LANGUAGE_STANDARD = "gnu++0x";
				CLANG_CXX_LIBRARY = "libc++";
				CLANG_ENABLE_MODULES = YES;
				CLANG_ENABLE_OBJC_ARC = YES;
				CLANG_WARN_BOOL_CONVERSION = YES;
				CLANG_WARN_CONSTANT_CONVERSION = YES;
				CLANG_WARN_DIRECT_OBJC_ISA_USAGE = YES_ERROR;
				CLANG_WARN_DOCUMENTATION_COMMENTS = YES;
				CLANG_WARN_EMPTY_BODY = YES;
				CLANG_WARN_ENUM_CONVERSION = YES;
				CLANG_WARN_INFINITE_RECURSION = YES;
				CLANG_WARN_INT_CONVERSION = YES;
				CLANG_WARN_OBJC_ROOT_CLASS = YES_ERROR;
				CLANG_WARN_SUSPICIOUS_MOVE = YES;
				CLANG_WARN_UNREACHABLE_CODE = YES;
				CLANG_WARN__DUPLICATE_METHOD_MATCH = YES;
				"CODE_SIGN_IDENTITY[sdk=iphoneos*]" = "iPhone Developer";
				COPY_PHASE_STRIP = NO;
				DEBUG_INFORMATION_FORMAT = dwarf;
				ENABLE_STRICT_OBJC_MSGSEND = YES;
				ENABLE_TESTABILITY = YES;
				GCC_C_LANGUAGE_STANDARD = gnu99;
				GCC_DYNAMIC_NO_PIC = NO;
				GCC_NO_COMMON_BLOCKS = YES;
				GCC_OPTIMIZATION_LEVEL = 0;
				GCC_PREPROCESSOR_DEFINITIONS = (
					"DEBUG=1",
					"$(inherited)",
				);
				GCC_WARN_64_TO_32_BIT_CONVERSION = YES;
				GCC_WARN_ABOUT_RETURN_TYPE = YES_ERROR;
				GCC_WARN_UNDECLARED_SELECTOR = YES;
				GCC_WARN_UNINITIALIZED_AUTOS = YES_AGGRESSIVE;
				GCC_WARN_UNUSED_FUNCTION = YES;
				GCC_WARN_UNUSED_VARIABLE = YES;
				IPHONEOS_DEPLOYMENT_TARGET = 10.2;
				MTL_ENABLE_DEBUG_INFO = YES;
				ONLY_ACTIVE_ARCH = YES;
				SDKROOT = iphoneos;
				SWIFT_ACTIVE_COMPILATION_CONDITIONS = DEBUG;
				SWIFT_OPTIMIZATION_LEVEL = "-Onone";
			};
			name = Debug;
		};
		AEFE9BDB1EC08F2800DBEA89 /* Release */ = {
			isa = XCBuildConfiguration;
			buildSettings = {
				ALWAYS_SEARCH_USER_PATHS = NO;
				CLANG_ANALYZER_NONNULL = YES;
				CLANG_CXX_LANGUAGE_STANDARD = "gnu++0x";
				CLANG_CXX_LIBRARY = "libc++";
				CLANG_ENABLE_MODULES = YES;
				CLANG_ENABLE_OBJC_ARC = YES;
				CLANG_WARN_BOOL_CONVERSION = YES;
				CLANG_WARN_CONSTANT_CONVERSION = YES;
				CLANG_WARN_DIRECT_OBJC_ISA_USAGE = YES_ERROR;
				CLANG_WARN_DOCUMENTATION_COMMENTS = YES;
				CLANG_WARN_EMPTY_BODY = YES;
				CLANG_WARN_ENUM_CONVERSION = YES;
				CLANG_WARN_INFINITE_RECURSION = YES;
				CLANG_WARN_INT_CONVERSION = YES;
				CLANG_WARN_OBJC_ROOT_CLASS = YES_ERROR;
				CLANG_WARN_SUSPICIOUS_MOVE = YES;
				CLANG_WARN_UNREACHABLE_CODE = YES;
				CLANG_WARN__DUPLICATE_METHOD_MATCH = YES;
				"CODE_SIGN_IDENTITY[sdk=iphoneos*]" = "iPhone Developer";
				COPY_PHASE_STRIP = NO;
				DEBUG_INFORMATION_FORMAT = "dwarf-with-dsym";
				ENABLE_NS_ASSERTIONS = NO;
				ENABLE_STRICT_OBJC_MSGSEND = YES;
				GCC_C_LANGUAGE_STANDARD = gnu99;
				GCC_NO_COMMON_BLOCKS = YES;
				GCC_WARN_64_TO_32_BIT_CONVERSION = YES;
				GCC_WARN_ABOUT_RETURN_TYPE = YES_ERROR;
				GCC_WARN_UNDECLARED_SELECTOR = YES;
				GCC_WARN_UNINITIALIZED_AUTOS = YES_AGGRESSIVE;
				GCC_WARN_UNUSED_FUNCTION = YES;
				GCC_WARN_UNUSED_VARIABLE = YES;
				IPHONEOS_DEPLOYMENT_TARGET = 10.2;
				MTL_ENABLE_DEBUG_INFO = NO;
				SDKROOT = iphoneos;
				SWIFT_OPTIMIZATION_LEVEL = "-Owholemodule";
				VALIDATE_PRODUCT = YES;
			};
			name = Release;
		};
		AEFE9BDD1EC08F2800DBEA89 /* Debug */ = {
			isa = XCBuildConfiguration;
			buildSettings = {
				ASSETCATALOG_COMPILER_APPICON_NAME = AppIcon;
				INFOPLIST_FILE = ActivityVC/Info.plist;
				LD_RUNPATH_SEARCH_PATHS = "$(inherited) @executable_path/Frameworks";
				PRODUCT_BUNDLE_IDENTIFIER = com.wtf.company.ActivityVC;
				PRODUCT_NAME = "$(TARGET_NAME)";
				SWIFT_VERSION = 3.0;
			};
			name = Debug;
		};
		AEFE9BDE1EC08F2800DBEA89 /* Release */ = {
			isa = XCBuildConfiguration;
			buildSettings = {
				ASSETCATALOG_COMPILER_APPICON_NAME = AppIcon;
				INFOPLIST_FILE = ActivityVC/Info.plist;
				LD_RUNPATH_SEARCH_PATHS = "$(inherited) @executable_path/Frameworks";
				PRODUCT_BUNDLE_IDENTIFIER = com.wtf.company.ActivityVC;
				PRODUCT_NAME = "$(TARGET_NAME)";
				SWIFT_VERSION = 3.0;
			};
			name = Release;
		};
/* End XCBuildConfiguration section */

/* Begin XCConfigurationList section */
		AEFE9BC51EC08F2800DBEA89 /* Build configuration list for PBXProject "ActivityVC" */ = {
			isa = XCConfigurationList;
			buildConfigurations = (
				AEFE9BDA1EC08F2800DBEA89 /* Debug */,
				AEFE9BDB1EC08F2800DBEA89 /* Release */,
			);
			defaultConfigurationIsVisible = 0;
			defaultConfigurationName = Release;
		};
		AEFE9BDC1EC08F2800DBEA89 /* Build configuration list for PBXNativeTarget "ActivityVC" */ = {
			isa = XCConfigurationList;
			buildConfigurations = (
				AEFE9BDD1EC08F2800DBEA89 /* Debug */,
				AEFE9BDE1EC08F2800DBEA89 /* Release */,
			);
			defaultConfigurationIsVisible = 0;
		};
/* End XCConfigurationList section */
	};
	rootObject = AEFE9BC21EC08F2800DBEA89 /* Project object */;
}
